// !$*UTF8*$!
{
	archiveVersion = 1;
	classes = {
	};
	objectVersion = 56;
	objects = {

/* Begin PBXBuildFile section */
		A00000000000000000000001 /* FarmCertApp.swift in Sources */ = {isa = PBXBuildFile; fileRef = B00000000000000000000001 /* FarmCertApp.swift */; };
		A00000000000000000000002 /* Models.swift in Sources */ = {isa = PBXBuildFile; fileRef = B00000000000000000000002 /* Models.swift */; };
		A00000000000000000000003 /* QuizRepository.swift in Sources */ = {isa = PBXBuildFile; fileRef = B00000000000000000000003 /* QuizRepository.swift */; };
		A00000000000000000000004 /* TranslationService.swift in Sources */ = {isa = PBXBuildFile; fileRef = B00000000000000000000004 /* TranslationService.swift */; };
		A00000000000000000000005 /* QuizViewModel.swift in Sources */ = {isa = PBXBuildFile; fileRef = B00000000000000000000005 /* QuizViewModel.swift */; };
		A00000000000000000000006 /* ContentView.swift in Sources */ = {isa = PBXBuildFile; fileRef = B00000000000000000000006 /* ContentView.swift */; };
		A00000000000000000000007 /* QuizView.swift in Sources */ = {isa = PBXBuildFile; fileRef = B00000000000000000000007 /* QuizView.swift */; };
		A00000000000000000000008 /* ResultView.swift in Sources */ = {isa = PBXBuildFile; fileRef = B00000000000000000000008 /* ResultView.swift */; };
		A00000000000000000000009 /* Assets.xcassets in Resources */ = {isa = PBXBuildFile; fileRef = B00000000000000000000009 /* Assets.xcassets */; };
		A0000000000000000000000A /* Info.plist in Resources */ = {isa = PBXBuildFile; fileRef = B0000000000000000000000A /* Info.plist */; };
		A0000000000000000000000B /* ccar-p.js in Resources */ = {isa = PBXBuildFile; fileRef = B0000000000000000000000B /* ccar-p.js */; };
		A0000000000000000000000C /* ccdv-f.js in Resources */ = {isa = PBXBuildFile; fileRef = B0000000000000000000000C /* ccdv-f.js */; };
/* End PBXBuildFile section */

/* Begin PBXFileReference section */
		B00000000000000000000001 /* FarmCertApp.swift */ = {isa = PBXFileReference; lastKnownFileType = sourcecode.swift; path = FarmCertApp.swift; sourceTree = "<group>"; };
		B00000000000000000000002 /* Models.swift */ = {isa = PBXFileReference; lastKnownFileType = sourcecode.swift; path = Models.swift; sourceTree = "<group>"; };
		B00000000000000000000003 /* QuizRepository.swift */ = {isa = PBXFileReference; lastKnownFileType = sourcecode.swift; path = QuizRepository.swift; sourceTree = "<group>"; };
		B00000000000000000000004 /* TranslationService.swift */ = {isa = PBXFileReference; lastKnownFileType = sourcecode.swift; path = TranslationService.swift; sourceTree = "<group>"; };
		B00000000000000000000005 /* QuizViewModel.swift */ = {isa = PBXFileReference; lastKnownFileType = sourcecode.swift; path = QuizViewModel.swift; sourceTree = "<group>"; };
		B00000000000000000000006 /* ContentView.swift */ = {isa = PBXFileReference; lastKnownFileType = sourcecode.swift; path = ContentView.swift; sourceTree = "<group>"; };
		B00000000000000000000007 /* QuizView.swift */ = {isa = PBXFileReference; lastKnownFileType = sourcecode.swift; path = QuizView.swift; sourceTree = "<group>"; };
		B00000000000000000000008 /* ResultView.swift */ = {isa = PBXFileReference; lastKnownFileType = sourcecode.swift; path = ResultView.swift; sourceTree = "<group>"; };
		B00000000000000000000009 /* Assets.xcassets */ = {isa = PBXFileReference; lastKnownFileType = folder.assetcatalog; path = Assets.xcassets; sourceTree = "<group>"; };
		B0000000000000000000000A /* Info.plist */ = {isa = PBXFileReference; lastKnownFileType = text.plist.xml; path = Info.plist; sourceTree = "<group>"; };
		B0000000000000000000000B /* ccar-p.js */ = {isa = PBXFileReference; lastKnownFileType = sourcecode.javascript; path = "ccar-p.js"; sourceTree = "<group>"; };
		B0000000000000000000000C /* ccdv-f.js */ = {isa = PBXFileReference; lastKnownFileType = sourcecode.javascript; path = "ccdv-f.js"; sourceTree = "<group>"; };
		B0000000000000000000000D /* FarmCert.app */ = {isa = PBXFileReference; explicitFileType = wrapper.application; includeInIndex = 0; path = FarmCert.app; sourceTree = BUILT_PRODUCTS_DIR; };
/* End PBXFileReference section */

/* Begin PBXFrameworksBuildPhase section */
		C00000000000000000000001 /* Frameworks */ = {isa = PBXFrameworksBuildPhase; buildActionMask = 2147483647; files = (); runOnlyForDeploymentPostprocessing = 0; };
/* End PBXFrameworksBuildPhase section */

/* Begin PBXGroup section */
		D00000000000000000000001 = {isa = PBXGroup; children = (D00000000000000000000002, D00000000000000000000003, D00000000000000000000004,); sourceTree = "<group>"; };
		D00000000000000000000002 /* FarmCert */ = {isa = PBXGroup; children = (B00000000000000000000001, B00000000000000000000002, B00000000000000000000003, B00000000000000000000004, B00000000000000000000005, B00000000000000000000006, B00000000000000000000007, B00000000000000000000008, B00000000000000000000009, B0000000000000000000000A, D00000000000000000000005,); path = FarmCert; sourceTree = "<group>"; };
		D00000000000000000000003 /* Products */ = {isa = PBXGroup; children = (B0000000000000000000000D,); name = Products; sourceTree = "<group>"; };
		D00000000000000000000004 /* Resources */ = {isa = PBXGroup; children = (B0000000000000000000000B, B0000000000000000000000C,); path = Resources/quiz; sourceTree = "<group>"; };
		D00000000000000000000005 /* Quiz resources */ = {isa = PBXGroup; children = (B0000000000000000000000B, B0000000000000000000000C,); name = quiz; path = Resources/quiz; sourceTree = "<group>"; };
/* End PBXGroup section */

/* Begin PBXNativeTarget section */
		E00000000000000000000001 /* FarmCert */ = {isa = PBXNativeTarget; buildConfigurationList = F00000000000000000000002 /* Build configuration list for PBXNativeTarget "FarmCert" */; buildPhases = (C00000000000000000000002, C00000000000000000000001, C00000000000000000000003,); buildRules = (); dependencies = (); name = FarmCert; productName = FarmCert; productReference = B0000000000000000000000D; productType = "com.apple.product-type.application"; };
/* End PBXNativeTarget section */

/* Begin PBXProject section */
		F00000000000000000000001 /* Project object */ = {isa = PBXProject; attributes = {LastUpgradeCheck = 1600; ORGANIZATIONNAME = FarmCert; TargetAttributes = {E00000000000000000000001 = {CreatedOnToolsVersion = 16.0;};};}; buildConfigurationList = F00000000000000000000001 /* Build configuration list for PBXProject "FarmCert" */; compatibilityVersion = "Xcode 14.0"; developmentRegion = en; hasScannedForEncodings = 0; knownRegions = (en, Base,); mainGroup = D00000000000000000000001; productRefGroup = D00000000000000000000003; projectDirPath = ""; projectRoot = ""; targets = (E00000000000000000000001,); };
/* End PBXProject section */

/* Begin PBXResourcesBuildPhase section */
		C00000000000000000000002 /* Resources */ = {isa = PBXResourcesBuildPhase; buildActionMask = 2147483647; files = (A00000000000000000000009, A0000000000000000000000B, A0000000000000000000000C,); runOnlyForDeploymentPostprocessing = 0; };
/* End PBXResourcesBuildPhase section */

/* Begin PBXSourcesBuildPhase section */
		C00000000000000000000003 /* Sources */ = {isa = PBXSourcesBuildPhase; buildActionMask = 2147483647; files = (A00000000000000000000001, A00000000000000000000002, A00000000000000000000003, A00000000000000000000004, A00000000000000000000005, A00000000000000000000006, A00000000000000000000007, A00000000000000000000008,); runOnlyForDeploymentPostprocessing = 0; };
/* End PBXSourcesBuildPhase section */

/* Begin XCBuildConfiguration section */
		F00000000000000000000003 /* Debug */ = {isa = XCBuildConfiguration; buildSettings = {ASSETCATALOG_COMPILER_APPICON_NAME = FarmCertIcon; CODE_SIGN_STYLE = Automatic; INFOPLIST_FILE = FarmCert/Info.plist; IPHONEOS_DEPLOYMENT_TARGET = 16.0; PRODUCT_BUNDLE_IDENTIFIER = com.Zz1511619zZ.farmcert; PRODUCT_NAME = "$(TARGET_NAME)"; SDKROOT = iphoneos; SUPPORTED_PLATFORMS = "iphoneos iphonesimulator"; SWIFT_VERSION = 5.9; TARGETED_DEVICE_FAMILY = "1,2"; }; name = Debug; };
		F00000000000000000000004 /* Release */ = {isa = XCBuildConfiguration; buildSettings = {ASSETCATALOG_COMPILER_APPICON_NAME = FarmCertIcon; CODE_SIGN_STYLE = Automatic; INFOPLIST_FILE = FarmCert/Info.plist; IPHONEOS_DEPLOYMENT_TARGET = 16.0; PRODUCT_BUNDLE_IDENTIFIER = com.Zz1511619zZ.farmcert; PRODUCT_NAME = "$(TARGET_NAME)"; SDKROOT = iphoneos; SUPPORTED_PLATFORMS = "iphoneos iphonesimulator"; SWIFT_VERSION = 5.9; TARGETED_DEVICE_FAMILY = "1,2"; }; name = Release; };
		F00000000000000000000005 /* Debug */ = {isa = XCBuildConfiguration; buildSettings = {ALWAYS_SEARCH_USER_PATHS = NO; CLANG_ENABLE_MODULES = YES; SWIFT_OPTIMIZATION_LEVEL = "-Onone"; }; name = Debug; };
		F00000000000000000000006 /* Release */ = {isa = XCBuildConfiguration; buildSettings = {ALWAYS_SEARCH_USER_PATHS = NO; CLANG_ENABLE_MODULES = YES; SWIFT_OPTIMIZATION_LEVEL = "-O"; }; name = Release; };
/* End XCBuildConfiguration section */

/* Begin XCConfigurationList section */
		F00000000000000000000001 /* Build configuration list for PBXProject "FarmCert" */ = {isa = XCConfigurationList; buildConfigurations = (F00000000000000000000005, F00000000000000000000006,); defaultConfigurationIsVisible = 0; defaultConfigurationName = Release; };
		F00000000000000000000002 /* Build configuration list for PBXNativeTarget "FarmCert" */ = {isa = XCConfigurationList; buildConfigurations = (F00000000000000000000003, F00000000000000000000004,); defaultConfigurationIsVisible = 0; defaultConfigurationName = Release; };
/* End XCConfigurationList section */
	};
	rootObject = F00000000000000000000001 /* Project object */;
}
